
Microsoft Visual Studio Solution File, Format Version 12.00
# Visual Studio Version 17
VisualStudioVersion = 17.0.32112.339
MinimumVisualStudioVersion = 10.0.40219.1
Project("{FAE04EC0-301F-11D3-BF4B-00C04F79EFBC}") = "PostalServiceClassLibrary", "PostalServiceClassLibrary\PostalServiceClassLibrary.csproj", "{C5A059F5-7DA3-4FD3-BC68-02E2F69BED9E}"
EndProject
Project("{FAE04EC0-301F-11D3-BF4B-00C04F79EFBC}") = "PostalServiceApp", "PostalServiceApp\PostalServiceApp.csproj", "{93F8A4C6-CCDC-41FF-97F3-22EB9966E483}"
EndProject 
Global
	GlobalSection(SolutionConfigurationPlatforms) = preSolution
		Debug|Any CPU = Debug|Any CPU
		Release|Any CPU = Release|Any CPU
	EndGlobalSection
	GlobalSection(ProjectConfigurationPlatforms) = postSolution
		{C5A059F5-7DA3-4FD3-BC68-02E2F69BED9E}.Debug|Any CPU.ActiveCfg = Debug|Any CPU
		{C5A059F5-7DA3-4FD3-BC68-02E2F69BED9E}.Debug|Any CPU.Build.0 = Debug|Any CPU
		{C5A059F5-7DA3-4FD3-BC68-02E2F69BED9E}.Release|Any CPU.ActiveCfg = Release|Any CPU
		{C5A059F5-7DA3-4FD3-BC68-02E2F69BED9E}.Release|Any CPU.Build.0 = Release|Any CPU
		{93F8A4C6-CCDC-41FF-97F3-22EB9966E483}.Debug|Any CPU.ActiveCfg = Debug|Any CPU
		{93F8A4C6-CCDC-41FF-97F3-22EB9966E483}.Debug|Any CPU.Build.0 = Debug|Any CPU
		{93F8A4C6-CCDC-41FF-97F3-22EB9966E483}.Release|Any CPU.ActiveCfg = Release|Any CPU
		{93F8A4C6-CCDC-41FF-97F3-22EB9966E483}.Release|Any CPU.Build.0 = Release|Any CPU
	EndGlobalSection
	GlobalSection(SolutionProperties) = preSolution
		HideSolutionNode = FALSE
	EndGlobalSection
	GlobalSection(ExtensibilityGlobals) = postSolution
		SolutionGuid = {43EAECEF-10A2-4108-9B16-31E2BAEF0042}
	EndGlobalSection
EndGlobal
